
Microsoft Visual Studio Solution File, Format Version 12.00
# Visual Studio 15
VisualStudioVersion = 15.0.28307.168
MinimumVisualStudioVersion = 10.0.40219.1
Project("{FAE04EC0-301F-11D3-BF4B-00C04F79EFBC}") = "TMSıralama", "TMSıralama\TMSıralama.csproj", "{2FEDA2EA-F823-4EB6-BABC-AD625ADF92C2}"
EndProject
Global
	GlobalSection(SolutionConfigurationPlatforms) = preSolution
		Debug|Any CPU = Debug|Any CPU
		Release|Any CPU = Release|Any CPU
	EndGlobalSection
	GlobalSection(ProjectConfigurationPlatforms) = postSolution
		{2FEDA2EA-F823-4EB6-BABC-AD625ADF92C2}.Debug|Any CPU.ActiveCfg = Debug|Any CPU
		{2FEDA2EA-F823-4EB6-BABC-AD625ADF92C2}.Debug|Any CPU.Build.0 = Debug|Any CPU
		{2FEDA2EA-F823-4EB6-BABC-AD625ADF92C2}.Release|Any CPU.ActiveCfg = Release|Any CPU
		{2FEDA2EA-F823-4EB6-BABC-AD625ADF92C2}.Release|Any CPU.Build.0 = Release|Any CPU
	EndGlobalSection
	GlobalSection(SolutionProperties) = preSolution
		HideSolutionNode = FALSE
	EndGlobalSection
	GlobalSection(ExtensibilityGlobals) = postSolution
		SolutionGuid = {F66B6010-9727-4BB9-B5D4-435CF3FE55F0}
	EndGlobalSection
EndGlobal
